
Microsoft Visual Studio Solution File, Format Version 12.00
# Visual Studio 15
Project("{FAE04EC0-301F-11D3-BF4B-00C04F79EFBC}") = "Mirror.Examples", "Mirror.Examples.csproj", "{EFA408A2-8935-B57B-B473-03DC5FA01219}"
EndProject
Project("{FAE04EC0-301F-11D3-BF4B-00C04F79EFBC}") = "Mirror.Components", "Mirror.Components.csproj", "{139ACE3D-7D91-C91C-2BA4-8AB522F88ECA}"
EndProject
Project("{FAE04EC0-301F-11D3-BF4B-00C04F79EFBC}") = "Mirror.Transports", "Mirror.Transports.csproj", "{85753B85-5805-ADA9-4CB9-B0A471130C39}"
EndProject
Project("{FAE04EC0-301F-11D3-BF4B-00C04F79EFBC}") = "Mirror", "Mirror.csproj", "{B448D3C4-4D89-EDF2-8790-543ED40B0003}"
EndProject
Project("{FAE04EC0-301F-11D3-BF4B-00C04F79EFBC}") = "SimpleWebTransport", "SimpleWebTransport.csproj", "{69C3D1E1-02E0-71D4-1037-CBFF4BF417D5}"
EndProject
Project("{FAE04EC0-301F-11D3-BF4B-00C04F79EFBC}") = "Telepathy", "Telepathy.csproj", "{88F29D49-775D-ED5D-C0F4-0FD7D584C7D0}"
EndProject
Project("{FAE04EC0-301F-11D3-BF4B-00C04F79EFBC}") = "kcp2k", "kcp2k.csproj", "{3A48FE1D-C093-B5A9-B28D-C1E5F16818F1}"
EndProject
Project("{FAE04EC0-301F-11D3-BF4B-00C04F79EFBC}") = "Mirror.Authenticators", "Mirror.Authenticators.csproj", "{3CF222CB-38AE-C420-9FCE-F357BA9B0FD8}"
EndProject
Project("{FAE04EC0-301F-11D3-BF4B-00C04F79EFBC}") = "Assembly-CSharp", "Assembly-CSharp.csproj", "{5620242D-473D-A4B7-96F8-DF3E181FFFD0}"
EndProject
Project("{FAE04EC0-301F-11D3-BF4B-00C04F79EFBC}") = "ParrelSync", "ParrelSync.csproj", "{9E47EE30-E223-FE53-CBBC-171CEF545697}"
EndProject
Project("{FAE04EC0-301F-11D3-BF4B-00C04F79EFBC}") = "Mirror.Editor", "Mirror.Editor.csproj", "{673B0253-CFC3-78AD-EA61-402719721DF5}"
EndProject
Project("{FAE04EC0-301F-11D3-BF4B-00C04F79EFBC}") = "Unity.Mirror.CodeGen", "Unity.Mirror.CodeGen.csproj", "{D0C4F2B7-F48F-E46A-C3CA-EC448E9163B2}"
EndProject
Project("{FAE04EC0-301F-11D3-BF4B-00C04F79EFBC}") = "Mirror.CompilerSymbols", "Mirror.CompilerSymbols.csproj", "{D3F512B7-5EAA-1791-DD44-96F8F4327757}"
EndProject
Project("{FAE04EC0-301F-11D3-BF4B-00C04F79EFBC}") = "EncryptionTransportEditor", "EncryptionTransportEditor.csproj", "{84DB5AD7-D5A2-4978-D57B-3566667CA306}"
EndProject
Global
	GlobalSection(SolutionConfigurationPlatforms) = preSolution
		Debug|Any CPU = Debug|Any CPU
		Release|Any CPU = Release|Any CPU
	EndGlobalSection
	GlobalSection(ProjectConfigurationPlatforms) = postSolution
		{EFA408A2-8935-B57B-B473-03DC5FA01219}.Debug|Any CPU.ActiveCfg = Debug|Any CPU
		{EFA408A2-8935-B57B-B473-03DC5FA01219}.Debug|Any CPU.Build.0 = Debug|Any CPU
		{EFA408A2-8935-B57B-B473-03DC5FA01219}.Release|Any CPU.ActiveCfg = Release|Any CPU
		{EFA408A2-8935-B57B-B473-03DC5FA01219}.Release|Any CPU.Build.0 = Release|Any CPU
		{139ACE3D-7D91-C91C-2BA4-8AB522F88ECA}.Debug|Any CPU.ActiveCfg = Debug|Any CPU
		{139ACE3D-7D91-C91C-2BA4-8AB522F88ECA}.Debug|Any CPU.Build.0 = Debug|Any CPU
		{139ACE3D-7D91-C91C-2BA4-8AB522F88ECA}.Release|Any CPU.ActiveCfg = Release|Any CPU
		{139ACE3D-7D91-C91C-2BA4-8AB522F88ECA}.Release|Any CPU.Build.0 = Release|Any CPU
		{85753B85-5805-ADA9-4CB9-B0A471130C39}.Debug|Any CPU.ActiveCfg = Debug|Any CPU
		{85753B85-5805-ADA9-4CB9-B0A471130C39}.Debug|Any CPU.Build.0 = Debug|Any CPU
		{85753B85-5805-ADA9-4CB9-B0A471130C39}.Release|Any CPU.ActiveCfg = Release|Any CPU
		{85753B85-5805-ADA9-4CB9-B0A471130C39}.Release|Any CPU.Build.0 = Release|Any CPU
		{B448D3C4-4D89-EDF2-8790-543ED40B0003}.Debug|Any CPU.ActiveCfg = Debug|Any CPU
		{B448D3C4-4D89-EDF2-8790-543ED40B0003}.Debug|Any CPU.Build.0 = Debug|Any CPU
		{B448D3C4-4D89-EDF2-8790-543ED40B0003}.Release|Any CPU.ActiveCfg = Release|Any CPU
		{B448D3C4-4D89-EDF2-8790-543ED40B0003}.Release|Any CPU.Build.0 = Release|Any CPU
		{69C3D1E1-02E0-71D4-1037-CBFF4BF417D5}.Debug|Any CPU.ActiveCfg = Debug|Any CPU
		{69C3D1E1-02E0-71D4-1037-CBFF4BF417D5}.Debug|Any CPU.Build.0 = Debug|Any CPU
		{69C3D1E1-02E0-71D4-1037-CBFF4BF417D5}.Release|Any CPU.ActiveCfg = Release|Any CPU
		{69C3D1E1-02E0-71D4-1037-CBFF4BF417D5}.Release|Any CPU.Build.0 = Release|Any CPU
		{88F29D49-775D-ED5D-C0F4-0FD7D584C7D0}.Debug|Any CPU.ActiveCfg = Debug|Any CPU
		{88F29D49-775D-ED5D-C0F4-0FD7D584C7D0}.Debug|Any CPU.Build.0 = Debug|Any CPU
		{88F29D49-775D-ED5D-C0F4-0FD7D584C7D0}.Release|Any CPU.ActiveCfg = Release|Any CPU
		{88F29D49-775D-ED5D-C0F4-0FD7D584C7D0}.Release|Any CPU.Build.0 = Release|Any CPU
		{3A48FE1D-C093-B5A9-B28D-C1E5F16818F1}.Debug|Any CPU.ActiveCfg = Debug|Any CPU
		{3A48FE1D-C093-B5A9-B28D-C1E5F16818F1}.Debug|Any CPU.Build.0 = Debug|Any CPU
		{3A48FE1D-C093-B5A9-B28D-C1E5F16818F1}.Release|Any CPU.ActiveCfg = Release|Any CPU
		{3A48FE1D-C093-B5A9-B28D-C1E5F16818F1}.Release|Any CPU.Build.0 = Release|Any CPU
		{3CF222CB-38AE-C420-9FCE-F357BA9B0FD8}.Debug|Any CPU.ActiveCfg = Debug|Any CPU
		{3CF222CB-38AE-C420-9FCE-F357BA9B0FD8}.Debug|Any CPU.Build.0 = Debug|Any CPU
		{3CF222CB-38AE-C420-9FCE-F357BA9B0FD8}.Release|Any CPU.ActiveCfg = Release|Any CPU
		{3CF222CB-38AE-C420-9FCE-F357BA9B0FD8}.Release|Any CPU.Build.0 = Release|Any CPU
		{5620242D-473D-A4B7-96F8-DF3E181FFFD0}.Debug|Any CPU.ActiveCfg = Debug|Any CPU
		{5620242D-473D-A4B7-96F8-DF3E181FFFD0}.Debug|Any CPU.Build.0 = Debug|Any CPU
		{5620242D-473D-A4B7-96F8-DF3E181FFFD0}.Release|Any CPU.ActiveCfg = Release|Any CPU
		{5620242D-473D-A4B7-96F8-DF3E181FFFD0}.Release|Any CPU.Build.0 = Release|Any CPU
		{9E47EE30-E223-FE53-CBBC-171CEF545697}.Debug|Any CPU.ActiveCfg = Debug|Any CPU
		{9E47EE30-E223-FE53-CBBC-171CEF545697}.Debug|Any CPU.Build.0 = Debug|Any CPU
		{9E47EE30-E223-FE53-CBBC-171CEF545697}.Release|Any CPU.ActiveCfg = Release|Any CPU
		{9E47EE30-E223-FE53-CBBC-171CEF545697}.Release|Any CPU.Build.0 = Release|Any CPU
		{673B0253-CFC3-78AD-EA61-402719721DF5}.Debug|Any CPU.ActiveCfg = Debug|Any CPU
		{673B0253-CFC3-78AD-EA61-402719721DF5}.Debug|Any CPU.Build.0 = Debug|Any CPU
		{673B0253-CFC3-78AD-EA61-402719721DF5}.Release|Any CPU.ActiveCfg = Release|Any CPU
		{673B0253-CFC3-78AD-EA61-402719721DF5}.Release|Any CPU.Build.0 = Release|Any CPU
		{D0C4F2B7-F48F-E46A-C3CA-EC448E9163B2}.Debug|Any CPU.ActiveCfg = Debug|Any CPU
		{D0C4F2B7-F48F-E46A-C3CA-EC448E9163B2}.Debug|Any CPU.Build.0 = Debug|Any CPU
		{D0C4F2B7-F48F-E46A-C3CA-EC448E9163B2}.Release|Any CPU.ActiveCfg = Release|Any CPU
		{D0C4F2B7-F48F-E46A-C3CA-EC448E9163B2}.Release|Any CPU.Build.0 = Release|Any CPU
		{D3F512B7-5EAA-1791-DD44-96F8F4327757}.Debug|Any CPU.ActiveCfg = Debug|Any CPU
		{D3F512B7-5EAA-1791-DD44-96F8F4327757}.Debug|Any CPU.Build.0 = Debug|Any CPU
		{D3F512B7-5EAA-1791-DD44-96F8F4327757}.Release|Any CPU.ActiveCfg = Release|Any CPU
		{D3F512B7-5EAA-1791-DD44-96F8F4327757}.Release|Any CPU.Build.0 = Release|Any CPU
		{84DB5AD7-D5A2-4978-D57B-3566667CA306}.Debug|Any CPU.ActiveCfg = Debug|Any CPU
		{84DB5AD7-D5A2-4978-D57B-3566667CA306}.Debug|Any CPU.Build.0 = Debug|Any CPU
		{84DB5AD7-D5A2-4978-D57B-3566667CA306}.Release|Any CPU.ActiveCfg = Release|Any CPU
		{84DB5AD7-D5A2-4978-D57B-3566667CA306}.Release|Any CPU.Build.0 = Release|Any CPU
	EndGlobalSection
	GlobalSection(SolutionProperties) = preSolution
		HideSolutionNode = FALSE
	EndGlobalSection
EndGlobal
